{
  "name": "",
  "version": "1.0.0",
  "dependencies": {
    "vite-plugin-pwa": "0.21.1"
  },
  "lockfileVersion": 2,
  "node_modules": {
    "vite-plugin-pwa": {
      "version": "0.21.1",
      "resolved": "https://registry.npmjs.org/vite-plugin-pwa/-/vite-plugin-pwa-0.21.1.tgz",
      "integrity": "sha512-xxxxx",
      "engines": {
        "node": ">= 12"
      },
      "devDependencies": {},
      "peerDependencies": {},
      "dependencies": {}
    }
  }
}